<?xml version="1.0" encoding="utf-8"?>
<Project ToolsVersion="4.0" xmlns="http://schemas.microsoft.com/developer/msbuild/2003">
  <ItemGroup>
    <Filter Include="Source Files">
      <UniqueIdentifier>{4FC737F1-C7A5-4376-A066-2A32D752A2FF}</UniqueIdentifier>
      <Extensions>cpp;c;cc;cxx;def;odl;idl;hpj;bat;asm;asmx</Extensions>
    </Filter>
    <Filter Include="Header Files">
      <UniqueIdentifier>{93995380-89BD-4b04-88EB-625FBE52EBFB}</UniqueIdentifier>
      <Extensions>h;hh;hpp;hxx;hm;inl;inc;ipp;xsd</Extensions>
    </Filter>
    <Filter Include="Resource Files">
      <UniqueIdentifier>{67DA6AB6-F800-4c08-8B7A-83BB121AAD01}</UniqueIdentifier>
      <Extensions>rc;ico;cur;bmp;dlg;rc2;rct;bin;rgs;gif;jpg;jpeg;jpe;resx;tiff;tif;png;wav;mfcribbon-ms</Extensions>
    </Filter>
  </ItemGroup>
  <ItemGroup>
    <ClCompile Include="main.cpp">
      <Filter>Source Files</Filter>
    </ClCompile>
    <ClCompile Include="src\graphics\graphics.cpp">
      <Filter>Source Files</Filter>
    </ClCompile>
    <ClCompile Include="src\networking\client\client.cpp">
      <Filter>Source Files</Filter>
    </ClCompile>
    <ClCompile Include="src\networking\server\server.cpp">
      <Filter>Source Files</Filter>
    </ClCompile>
    <ClCompile Include="src\math\math.cpp">
      <Filter>Source Files</Filter>
    </ClCompile>
    <ClCompile Include="src\math\Field.cpp">
      <Filter>Source Files</Filter>
    </ClCompile>
    <ClCompile Include="src\math\Grid.cpp">
      <Filter>Source Files</Filter>
    </ClCompile>
    <ClCompile Include="src\math\Map.cpp">
      <Filter>Source Files</Filter>
    </ClCompile>
    <ClCompile Include="src\math\matan.cpp">
      <Filter>Source Files</Filter>
    </ClCompile>
    <ClCompile Include="src\math\obejct3.cpp">
      <Filter>Source Files</Filter>
    </ClCompile>
    <ClCompile Include="src\math\Object3.cpp">
      <Filter>Source Files</Filter>
    </ClCompile>
    <ClCompile Include="src\math\vector3.cpp">
      <Filter>Source Files</Filter>
    </ClCompile>
    <ClCompile Include="src\physics\RigidBody.cpp">
      <Filter>Source Files</Filter>
    </ClCompile>
    <ClCompile Include="src\physics\rigirbody.cpp">
      <Filter>Source Files</Filter>
    </ClCompile>
    <ClCompile Include="src\math_and_physics\base.cpp">
      <Filter>Source Files</Filter>
    </ClCompile>
    <ClCompile Include="src\math_and_physics\collision.cpp">
      <Filter>Source Files</Filter>
    </ClCompile>
    <ClCompile Include="src\math_and_physics\object.cpp">
      <Filter>Source Files</Filter>
    </ClCompile>
    <ClCompile Include="src\math_and_physics\pbase.cpp">
      <Filter>Source Files</Filter>
    </ClCompile>
    <ClCompile Include="src\math_and_physics\plphysics.cpp">
      <Filter>Source Files</Filter>
    </ClCompile>
    <ClCompile Include="src\math_and_physics\vector.cpp">
      <Filter>Source Files</Filter>
    </ClCompile>
  </ItemGroup>
  <ItemGroup>
    <ClInclude Include="OpenGL\GLEW\include\eglew.h">
      <Filter>Header Files</Filter>
    </ClInclude>
    <ClInclude Include="OpenGL\GLEW\include\glew.h">
      <Filter>Header Files</Filter>
    </ClInclude>
    <ClInclude Include="OpenGL\GLEW\include\glxew.h">
      <Filter>Header Files</Filter>
    </ClInclude>
    <ClInclude Include="OpenGL\GLEW\include\wglew.h">
      <Filter>Header Files</Filter>
    </ClInclude>
    <ClInclude Include="OpenGL\GLFW\include\glfw3.h">
      <Filter>Header Files</Filter>
    </ClInclude>
    <ClInclude Include="OpenGL\GLFW\include\glfw3native.h">
      <Filter>Header Files</Filter>
    </ClInclude>
    <ClInclude Include="src\graphics\graphics.h">
      <Filter>Header Files</Filter>
    </ClInclude>
    <ClInclude Include="src\networking\client\client.h">
      <Filter>Header Files</Filter>
    </ClInclude>
    <ClInclude Include="src\networking\server\server.h">
      <Filter>Header Files</Filter>
    </ClInclude>
    <ClInclude Include="src\math\math.h">
      <Filter>Header Files</Filter>
    </ClInclude>
    <ClInclude Include="src\math\vector3.h">
      <Filter>Header Files</Filter>
    </ClInclude>
    <ClInclude Include="src\math\camera.h">
      <Filter>Header Files</Filter>
    </ClInclude>
    <ClInclude Include="src\math\coords.h">
      <Filter>Header Files</Filter>
    </ClInclude>
    <ClInclude Include="src\math\enumeration.h">
      <Filter>Header Files</Filter>
    </ClInclude>
    <ClInclude Include="src\math\Field.h">
      <Filter>Header Files</Filter>
    </ClInclude>
    <ClInclude Include="src\math\fullmath.h">
      <Filter>Header Files</Filter>
    </ClInclude>
    <ClInclude Include="src\math\Grid.h">
      <Filter>Header Files</Filter>
    </ClInclude>
    <ClInclude Include="src\math\Map.h">
      <Filter>Header Files</Filter>
    </ClInclude>
    <ClInclude Include="src\math\matan.h">
      <Filter>Header Files</Filter>
    </ClInclude>
    <ClInclude Include="src\math\NULL.h">
      <Filter>Header Files</Filter>
    </ClInclude>
    <ClInclude Include="src\math\object3.h">
      <Filter>Header Files</Filter>
    </ClInclude>
    <ClInclude Include="src\math\stdmath.h">
      <Filter>Header Files</Filter>
    </ClInclude>
    <ClInclude Include="src\physics\rigirdbody.h">
      <Filter>Header Files</Filter>
    </ClInclude>
    <ClInclude Include="src\physics\Collision.h">
      <Filter>Header Files</Filter>
    </ClInclude>
    <ClInclude Include="src\physics\RigidBody.h">
      <Filter>Header Files</Filter>
    </ClInclude>
    <ClInclude Include="src\physics\Physics.h">
      <Filter>Header Files</Filter>
    </ClInclude>
    <ClInclude Include="src\math_and_physics\base.h">
      <Filter>Header Files</Filter>
    </ClInclude>
    <ClInclude Include="src\math_and_physics\collision.h">
      <Filter>Header Files</Filter>
    </ClInclude>
    <ClInclude Include="src\math_and_physics\physics.h">
      <Filter>Header Files</Filter>
    </ClInclude>
    <ClInclude Include="src\math_and_physics\plmath.h">
      <Filter>Header Files</Filter>
    </ClInclude>
    <ClInclude Include="src\math_and_physics\plphysics.h">
      <Filter>Header Files</Filter>
    </ClInclude>
    <ClInclude Include="src\math_and_physics\point.h">
      <Filter>Header Files</Filter>
    </ClInclude>
    <ClInclude Include="src\math_and_physics\vector.h">
      <Filter>Header Files</Filter>
    </ClInclude>
  </ItemGroup>
</Project>